
Microsoft Visual Studio Solution File, Format Version 12.00
# Visual Studio Version 17
VisualStudioVersion = 17.4.33403.182
MinimumVisualStudioVersion = 10.0.40219.1
Project("{FAE04EC0-301F-11D3-BF4B-00C04F79EFBC}") = "Server", "Server\Server.csproj", "{29345699-DFE9-4E1C-A916-28A7CAAA0BCB}"
EndProject
Global
	GlobalSection(SolutionConfigurationPlatforms) = preSolution
		Debug|Any CPU = Debug|Any CPU
		Release|Any CPU = Release|Any CPU
	EndGlobalSection
	GlobalSection(ProjectConfigurationPlatforms) = postSolution
		{29345699-DFE9-4E1C-A916-28A7CAAA0BCB}.Debug|Any CPU.ActiveCfg = Debug|Any CPU
		{29345699-DFE9-4E1C-A916-28A7CAAA0BCB}.Debug|Any CPU.Build.0 = Debug|Any CPU
		{29345699-DFE9-4E1C-A916-28A7CAAA0BCB}.Release|Any CPU.ActiveCfg = Release|Any CPU
		{29345699-DFE9-4E1C-A916-28A7CAAA0BCB}.Release|Any CPU.Build.0 = Release|Any CPU
	EndGlobalSection
	GlobalSection(SolutionProperties) = preSolution
		HideSolutionNode = FALSE
	EndGlobalSection
	GlobalSection(ExtensibilityGlobals) = postSolution
		SolutionGuid = {273D31F0-21D8-48D9-9F0B-B72658C7FFA4}
	EndGlobalSection
EndGlobal
